
Microsoft Visual Studio Solution File, Format Version 12.00
# Visual Studio 2012
Project("{FAE04EC0-301F-11D3-BF4B-00C04F79EFBC}") = "LegacyApp.Web", "LegacyApp.Web\LegacyApp.Web.csproj", "{D98AC8A8-457F-436D-8CDF-CD148871645A}"
EndProject
Project("{FAE04EC0-301F-11D3-BF4B-00C04F79EFBC}") = "LegacyApp.Web.Tests", "LegacyApp.Web.Tests\LegacyApp.Web.Tests.csproj", "{39D65A46-A61C-4B80-B116-DA654681C8F8}"
EndProject
Project("{2150E333-8FDC-42A3-9474-1A3956D46DE8}") = ".nuget", ".nuget", "{B33F5A76-536B-4A25-B4D2-191C2C9166C1}"
	ProjectSection(SolutionItems) = preProject
		.nuget\NuGet.Config = .nuget\NuGet.Config
		.nuget\NuGet.exe = .nuget\NuGet.exe
		.nuget\NuGet.targets = .nuget\NuGet.targets
	EndProjectSection
EndProject
Global
	GlobalSection(SolutionConfigurationPlatforms) = preSolution
		Debug|Any CPU = Debug|Any CPU
		Release|Any CPU = Release|Any CPU
	EndGlobalSection
	GlobalSection(ProjectConfigurationPlatforms) = postSolution
		{D98AC8A8-457F-436D-8CDF-CD148871645A}.Debug|Any CPU.ActiveCfg = Debug|Any CPU
		{D98AC8A8-457F-436D-8CDF-CD148871645A}.Debug|Any CPU.Build.0 = Debug|Any CPU
		{D98AC8A8-457F-436D-8CDF-CD148871645A}.Release|Any CPU.ActiveCfg = Release|Any CPU
		{D98AC8A8-457F-436D-8CDF-CD148871645A}.Release|Any CPU.Build.0 = Release|Any CPU
		{39D65A46-A61C-4B80-B116-DA654681C8F8}.Debug|Any CPU.ActiveCfg = Debug|Any CPU
		{39D65A46-A61C-4B80-B116-DA654681C8F8}.Debug|Any CPU.Build.0 = Debug|Any CPU
		{39D65A46-A61C-4B80-B116-DA654681C8F8}.Release|Any CPU.ActiveCfg = Release|Any CPU
		{39D65A46-A61C-4B80-B116-DA654681C8F8}.Release|Any CPU.Build.0 = Release|Any CPU
	EndGlobalSection
	GlobalSection(SolutionProperties) = preSolution
		HideSolutionNode = FALSE
	EndGlobalSection
EndGlobal
